{
  "lib/ccip": {
    "tag": {
      "name": "v2.17.0-ccip1.5.16",
      "rev": "ae80e255dbe38e0f2536d5a36b0990a7b4d9a0d2"
    }
  },
  "lib/chainlink-evm": {
    "tag": {
      "name": "v0.3.3",
      "rev": "793106cd598da8b2762958880300787b0b361fa1"
    }
  },
  "lib/chainlink-local": {
    "tag": {
      "name": "v0.2.7-beta",
      "rev": "585ae93ebb0e92d35c732711ed16bb4729cb04dc"
    }
  },
  "lib/forge-std": {
    "tag": {
      "name": "v1.14.0",
      "rev": "1801b0541f4fda118a10798fd3486bb7051c5dd6"
    }
  },
  "lib/foundry-devops": {
    "tag": {
      "name": "0.4.0",
      "rev": "efff097a87e70c3d15661c9f2a2daeae0b33d5d5"
    }
  },
  "lib/openzeppelin-contracts": {
    "tag": {
      "name": "v5.5.0",
      "rev": "fcbae5394ae8ad52d8e580a3477db99814b9d565"
    }
  },
  "lib/solmate": {
    "rev": "89365b880c4f3c786bdd453d4b8e8fe410344a69"
  }
}